
Microsoft Visual Studio Solution File, Format Version 12.00
# Visual Studio Version 16
VisualStudioVersion = 16.0.29503.13
MinimumVisualStudioVersion = 10.0.40219.1
Project("{FAE04EC0-301F-11D3-BF4B-00C04F79EFBC}") = "Problem001", "Problem001\Problem001.csproj", "{A33BE928-8338-4143-88BB-D9F3C2B8DC83}"
EndProject
Project("{FAE04EC0-301F-11D3-BF4B-00C04F79EFBC}") = "DemoLib", "DemoLib\DemoLib.csproj", "{B8C15FFD-AC7C-4C52-930F-A84B828CA8E5}"
EndProject
Global
	GlobalSection(SolutionConfigurationPlatforms) = preSolution
		Debug|Any CPU = Debug|Any CPU
		Release|Any CPU = Release|Any CPU
	EndGlobalSection
	GlobalSection(ProjectConfigurationPlatforms) = postSolution
		{A33BE928-8338-4143-88BB-D9F3C2B8DC83}.Debug|Any CPU.ActiveCfg = Debug|Any CPU
		{A33BE928-8338-4143-88BB-D9F3C2B8DC83}.Debug|Any CPU.Build.0 = Debug|Any CPU
		{A33BE928-8338-4143-88BB-D9F3C2B8DC83}.Release|Any CPU.ActiveCfg = Release|Any CPU
		{A33BE928-8338-4143-88BB-D9F3C2B8DC83}.Release|Any CPU.Build.0 = Release|Any CPU
		{B8C15FFD-AC7C-4C52-930F-A84B828CA8E5}.Debug|Any CPU.ActiveCfg = Debug|Any CPU
		{B8C15FFD-AC7C-4C52-930F-A84B828CA8E5}.Debug|Any CPU.Build.0 = Debug|Any CPU
		{B8C15FFD-AC7C-4C52-930F-A84B828CA8E5}.Release|Any CPU.ActiveCfg = Release|Any CPU
		{B8C15FFD-AC7C-4C52-930F-A84B828CA8E5}.Release|Any CPU.Build.0 = Release|Any CPU
	EndGlobalSection
	GlobalSection(SolutionProperties) = preSolution
		HideSolutionNode = FALSE
	EndGlobalSection
	GlobalSection(ExtensibilityGlobals) = postSolution
		SolutionGuid = {2D6969BB-7242-414A-A38D-243FDFD7506A}
	EndGlobalSection
EndGlobal
