
Microsoft Visual Studio Solution File, Format Version 12.00
# Visual Studio Version 16
VisualStudioVersion = 16.0.29503.13
MinimumVisualStudioVersion = 10.0.40219.1
Project("{9A19103F-16F7-4668-BE54-9A1E7A4F7556}") = "Problem001", "Problem001\Problem001.csproj", "{A33BE928-8338-4143-88BB-D9F3C2B8DC83}"
EndProject
Project("{9A19103F-16F7-4668-BE54-9A1E7A4F7556}") = "DemoLib", "DemoLib\DemoLib.csproj", "{B8C15FFD-AC7C-4C52-930F-A84B828CA8E5}"
EndProject
Project("{9A19103F-16F7-4668-BE54-9A1E7A4F7556}") = "Problem002", "Problem002\Problem002.csproj", "{A3745C70-12C4-4BF5-853C-8BCAAF12C222}"
EndProject
Project("{9A19103F-16F7-4668-BE54-9A1E7A4F7556}") = "Problem003.Lib", "Problem003.Lib\Problem003.Lib.csproj", "{7E32C783-3333-4B94-8304-921222DD5D64}"
EndProject
Project("{9A19103F-16F7-4668-BE54-9A1E7A4F7556}") = "Problem003.Tests", "Problem003.Tests\Problem003.Tests.csproj", "{C1E30921-E817-42F3-A2A9-D90843A722C8}"
EndProject
Project("{9A19103F-16F7-4668-BE54-9A1E7A4F7556}") = "Problem004.Lib", "Problem004.Lib\Problem004.Lib.csproj", "{B91B97E8-2E91-4F1F-924E-E58CF61EE021}"
EndProject
Project("{9A19103F-16F7-4668-BE54-9A1E7A4F7556}") = "Problem004.Tests", "Problem004.Tests\Problem004.Tests.csproj", "{F13BB2BE-1AAE-4CDD-B361-4140FE85D8C1}"
EndProject
Project("{9A19103F-16F7-4668-BE54-9A1E7A4F7556}") = "Problem005.Lib", "Problem005.Lib\Problem005.Lib.csproj", "{54DB3664-265F-42B5-BA47-36564D6BC2BA}"
EndProject
Project("{9A19103F-16F7-4668-BE54-9A1E7A4F7556}") = "Problem005.Tests", "Problem005.Tests\Problem005.Tests.csproj", "{FD83AD4A-48C9-4711-9B1A-B18B99E39BEB}"
EndProject
Project("{9A19103F-16F7-4668-BE54-9A1E7A4F7556}") = "Problem006.Lib", "Problem006.Lib\Problem006.Lib.csproj", "{594E72FC-C111-4425-A6BB-1ACFC88698A8}"
EndProject
Project("{9A19103F-16F7-4668-BE54-9A1E7A4F7556}") = "Problem006.Tests", "Problem006.Tests\Problem006.Tests.csproj", "{4AC4D017-8C6E-4F24-9F8D-2ADC334B9B25}"
EndProject
Project("{9A19103F-16F7-4668-BE54-9A1E7A4F7556}") = "Problem007.Lib", "Problem007.Lib\Problem007.Lib.csproj", "{9D0F4195-4A60-407C-B90D-ABBE1C6BB298}"
EndProject
Project("{9A19103F-16F7-4668-BE54-9A1E7A4F7556}") = "Problem007.Tests", "Problem007.Tests\Problem007.Tests.csproj", "{2415FD6D-BE44-4399-A21F-D60C8B43F4E7}"
EndProject
Project("{9A19103F-16F7-4668-BE54-9A1E7A4F7556}") = "Problem008.Lib", "Problem008.Lib\Problem008.Lib.csproj", "{81AB5208-1647-4F00-8EAB-8AAD96E85E70}"
EndProject
Project("{9A19103F-16F7-4668-BE54-9A1E7A4F7556}") = "Problem008.Tests", "Problem008.Tests\Problem008.Tests.csproj", "{F38C4DB4-BA0C-4E18-83B7-F24A1E6C07F1}"
EndProject
Project("{9A19103F-16F7-4668-BE54-9A1E7A4F7556}") = "Problem009.Lib", "Problem009.Lib\Problem009.Lib.csproj", "{32E8E9DE-92BB-499B-B449-1029DFDC8BF3}"
EndProject
Project("{9A19103F-16F7-4668-BE54-9A1E7A4F7556}") = "Problem009.Tests", "Problem009.Tests\Problem009.Tests.csproj", "{AF169073-44AC-4AA0-8F43-7C1C75848530}"
EndProject
Project("{FAE04EC0-301F-11D3-BF4B-00C04F79EFBC}") = "Problem010", "Problem010\Problem010.csproj", "{8CF95A80-6F3E-4FAA-9107-6773CB46F639}"
EndProject
Global
	GlobalSection(SolutionConfigurationPlatforms) = preSolution
		Debug|Any CPU = Debug|Any CPU
		Release|Any CPU = Release|Any CPU
	EndGlobalSection
	GlobalSection(ProjectConfigurationPlatforms) = postSolution
		{A33BE928-8338-4143-88BB-D9F3C2B8DC83}.Debug|Any CPU.ActiveCfg = Debug|Any CPU
		{A33BE928-8338-4143-88BB-D9F3C2B8DC83}.Debug|Any CPU.Build.0 = Debug|Any CPU
		{A33BE928-8338-4143-88BB-D9F3C2B8DC83}.Release|Any CPU.ActiveCfg = Release|Any CPU
		{A33BE928-8338-4143-88BB-D9F3C2B8DC83}.Release|Any CPU.Build.0 = Release|Any CPU
		{B8C15FFD-AC7C-4C52-930F-A84B828CA8E5}.Debug|Any CPU.ActiveCfg = Debug|Any CPU
		{B8C15FFD-AC7C-4C52-930F-A84B828CA8E5}.Debug|Any CPU.Build.0 = Debug|Any CPU
		{B8C15FFD-AC7C-4C52-930F-A84B828CA8E5}.Release|Any CPU.ActiveCfg = Release|Any CPU
		{B8C15FFD-AC7C-4C52-930F-A84B828CA8E5}.Release|Any CPU.Build.0 = Release|Any CPU
		{A3745C70-12C4-4BF5-853C-8BCAAF12C222}.Debug|Any CPU.ActiveCfg = Debug|Any CPU
		{A3745C70-12C4-4BF5-853C-8BCAAF12C222}.Debug|Any CPU.Build.0 = Debug|Any CPU
		{A3745C70-12C4-4BF5-853C-8BCAAF12C222}.Release|Any CPU.ActiveCfg = Release|Any CPU
		{A3745C70-12C4-4BF5-853C-8BCAAF12C222}.Release|Any CPU.Build.0 = Release|Any CPU
		{7E32C783-3333-4B94-8304-921222DD5D64}.Debug|Any CPU.ActiveCfg = Debug|Any CPU
		{7E32C783-3333-4B94-8304-921222DD5D64}.Debug|Any CPU.Build.0 = Debug|Any CPU
		{7E32C783-3333-4B94-8304-921222DD5D64}.Release|Any CPU.ActiveCfg = Release|Any CPU
		{7E32C783-3333-4B94-8304-921222DD5D64}.Release|Any CPU.Build.0 = Release|Any CPU
		{C1E30921-E817-42F3-A2A9-D90843A722C8}.Debug|Any CPU.ActiveCfg = Debug|Any CPU
		{C1E30921-E817-42F3-A2A9-D90843A722C8}.Debug|Any CPU.Build.0 = Debug|Any CPU
		{C1E30921-E817-42F3-A2A9-D90843A722C8}.Release|Any CPU.ActiveCfg = Release|Any CPU
		{C1E30921-E817-42F3-A2A9-D90843A722C8}.Release|Any CPU.Build.0 = Release|Any CPU
		{B91B97E8-2E91-4F1F-924E-E58CF61EE021}.Debug|Any CPU.ActiveCfg = Debug|Any CPU
		{B91B97E8-2E91-4F1F-924E-E58CF61EE021}.Debug|Any CPU.Build.0 = Debug|Any CPU
		{B91B97E8-2E91-4F1F-924E-E58CF61EE021}.Release|Any CPU.ActiveCfg = Release|Any CPU
		{B91B97E8-2E91-4F1F-924E-E58CF61EE021}.Release|Any CPU.Build.0 = Release|Any CPU
		{F13BB2BE-1AAE-4CDD-B361-4140FE85D8C1}.Debug|Any CPU.ActiveCfg = Debug|Any CPU
		{F13BB2BE-1AAE-4CDD-B361-4140FE85D8C1}.Debug|Any CPU.Build.0 = Debug|Any CPU
		{F13BB2BE-1AAE-4CDD-B361-4140FE85D8C1}.Release|Any CPU.ActiveCfg = Release|Any CPU
		{F13BB2BE-1AAE-4CDD-B361-4140FE85D8C1}.Release|Any CPU.Build.0 = Release|Any CPU
		{54DB3664-265F-42B5-BA47-36564D6BC2BA}.Debug|Any CPU.ActiveCfg = Debug|Any CPU
		{54DB3664-265F-42B5-BA47-36564D6BC2BA}.Debug|Any CPU.Build.0 = Debug|Any CPU
		{54DB3664-265F-42B5-BA47-36564D6BC2BA}.Release|Any CPU.ActiveCfg = Release|Any CPU
		{54DB3664-265F-42B5-BA47-36564D6BC2BA}.Release|Any CPU.Build.0 = Release|Any CPU
		{FD83AD4A-48C9-4711-9B1A-B18B99E39BEB}.Debug|Any CPU.ActiveCfg = Debug|Any CPU
		{FD83AD4A-48C9-4711-9B1A-B18B99E39BEB}.Debug|Any CPU.Build.0 = Debug|Any CPU
		{FD83AD4A-48C9-4711-9B1A-B18B99E39BEB}.Release|Any CPU.ActiveCfg = Release|Any CPU
		{FD83AD4A-48C9-4711-9B1A-B18B99E39BEB}.Release|Any CPU.Build.0 = Release|Any CPU
		{594E72FC-C111-4425-A6BB-1ACFC88698A8}.Debug|Any CPU.ActiveCfg = Debug|Any CPU
		{594E72FC-C111-4425-A6BB-1ACFC88698A8}.Debug|Any CPU.Build.0 = Debug|Any CPU
		{594E72FC-C111-4425-A6BB-1ACFC88698A8}.Release|Any CPU.ActiveCfg = Release|Any CPU
		{594E72FC-C111-4425-A6BB-1ACFC88698A8}.Release|Any CPU.Build.0 = Release|Any CPU
		{4AC4D017-8C6E-4F24-9F8D-2ADC334B9B25}.Debug|Any CPU.ActiveCfg = Debug|Any CPU
		{4AC4D017-8C6E-4F24-9F8D-2ADC334B9B25}.Debug|Any CPU.Build.0 = Debug|Any CPU
		{4AC4D017-8C6E-4F24-9F8D-2ADC334B9B25}.Release|Any CPU.ActiveCfg = Release|Any CPU
		{4AC4D017-8C6E-4F24-9F8D-2ADC334B9B25}.Release|Any CPU.Build.0 = Release|Any CPU
		{9D0F4195-4A60-407C-B90D-ABBE1C6BB298}.Debug|Any CPU.ActiveCfg = Debug|Any CPU
		{9D0F4195-4A60-407C-B90D-ABBE1C6BB298}.Debug|Any CPU.Build.0 = Debug|Any CPU
		{9D0F4195-4A60-407C-B90D-ABBE1C6BB298}.Release|Any CPU.ActiveCfg = Release|Any CPU
		{9D0F4195-4A60-407C-B90D-ABBE1C6BB298}.Release|Any CPU.Build.0 = Release|Any CPU
		{2415FD6D-BE44-4399-A21F-D60C8B43F4E7}.Debug|Any CPU.ActiveCfg = Debug|Any CPU
		{2415FD6D-BE44-4399-A21F-D60C8B43F4E7}.Debug|Any CPU.Build.0 = Debug|Any CPU
		{2415FD6D-BE44-4399-A21F-D60C8B43F4E7}.Release|Any CPU.ActiveCfg = Release|Any CPU
		{2415FD6D-BE44-4399-A21F-D60C8B43F4E7}.Release|Any CPU.Build.0 = Release|Any CPU
		{81AB5208-1647-4F00-8EAB-8AAD96E85E70}.Debug|Any CPU.ActiveCfg = Debug|Any CPU
		{81AB5208-1647-4F00-8EAB-8AAD96E85E70}.Debug|Any CPU.Build.0 = Debug|Any CPU
		{81AB5208-1647-4F00-8EAB-8AAD96E85E70}.Release|Any CPU.ActiveCfg = Release|Any CPU
		{81AB5208-1647-4F00-8EAB-8AAD96E85E70}.Release|Any CPU.Build.0 = Release|Any CPU
		{F38C4DB4-BA0C-4E18-83B7-F24A1E6C07F1}.Debug|Any CPU.ActiveCfg = Debug|Any CPU
		{F38C4DB4-BA0C-4E18-83B7-F24A1E6C07F1}.Debug|Any CPU.Build.0 = Debug|Any CPU
		{F38C4DB4-BA0C-4E18-83B7-F24A1E6C07F1}.Release|Any CPU.ActiveCfg = Release|Any CPU
		{F38C4DB4-BA0C-4E18-83B7-F24A1E6C07F1}.Release|Any CPU.Build.0 = Release|Any CPU
		{32E8E9DE-92BB-499B-B449-1029DFDC8BF3}.Debug|Any CPU.ActiveCfg = Debug|Any CPU
		{32E8E9DE-92BB-499B-B449-1029DFDC8BF3}.Debug|Any CPU.Build.0 = Debug|Any CPU
		{32E8E9DE-92BB-499B-B449-1029DFDC8BF3}.Release|Any CPU.ActiveCfg = Release|Any CPU
		{32E8E9DE-92BB-499B-B449-1029DFDC8BF3}.Release|Any CPU.Build.0 = Release|Any CPU
		{AF169073-44AC-4AA0-8F43-7C1C75848530}.Debug|Any CPU.ActiveCfg = Debug|Any CPU
		{AF169073-44AC-4AA0-8F43-7C1C75848530}.Debug|Any CPU.Build.0 = Debug|Any CPU
		{AF169073-44AC-4AA0-8F43-7C1C75848530}.Release|Any CPU.ActiveCfg = Release|Any CPU
		{AF169073-44AC-4AA0-8F43-7C1C75848530}.Release|Any CPU.Build.0 = Release|Any CPU
		{8CF95A80-6F3E-4FAA-9107-6773CB46F639}.Debug|Any CPU.ActiveCfg = Debug|Any CPU
		{8CF95A80-6F3E-4FAA-9107-6773CB46F639}.Debug|Any CPU.Build.0 = Debug|Any CPU
		{8CF95A80-6F3E-4FAA-9107-6773CB46F639}.Release|Any CPU.ActiveCfg = Release|Any CPU
		{8CF95A80-6F3E-4FAA-9107-6773CB46F639}.Release|Any CPU.Build.0 = Release|Any CPU
	EndGlobalSection
	GlobalSection(SolutionProperties) = preSolution
		HideSolutionNode = FALSE
	EndGlobalSection
	GlobalSection(ExtensibilityGlobals) = postSolution
		SolutionGuid = {2D6969BB-7242-414A-A38D-243FDFD7506A}
	EndGlobalSection
EndGlobal
